
Microsoft Visual Studio Solution File, Format Version 12.00
# Visual Studio Version 17
VisualStudioVersion = 17.5.33502.453
MinimumVisualStudioVersion = 10.0.40219.1
Project("{9A19103F-16F7-4668-BE54-9A1E7A4F7556}") = "Lambda-Lab-Post", "Lambda-Lab-Post.csproj", "{81E15F28-C530-4CF0-B491-B91DB0910F79}"
EndProject
Project("{9A19103F-16F7-4668-BE54-9A1E7A4F7556}") = "Lambda-Lab-Get", "..\Lambda-Lab-Get\Lambda-Lab-Get.csproj", "{98D8831F-A0E6-48A8-9C60-6A4F0F17B4D0}"
EndProject
Global
	GlobalSection(SolutionConfigurationPlatforms) = preSolution
		Debug|Any CPU = Debug|Any CPU
		Release|Any CPU = Release|Any CPU
	EndGlobalSection
	GlobalSection(ProjectConfigurationPlatforms) = postSolution
		{81E15F28-C530-4CF0-B491-B91DB0910F79}.Debug|Any CPU.ActiveCfg = Debug|Any CPU
		{81E15F28-C530-4CF0-B491-B91DB0910F79}.Debug|Any CPU.Build.0 = Debug|Any CPU
		{81E15F28-C530-4CF0-B491-B91DB0910F79}.Release|Any CPU.ActiveCfg = Release|Any CPU
		{81E15F28-C530-4CF0-B491-B91DB0910F79}.Release|Any CPU.Build.0 = Release|Any CPU
		{98D8831F-A0E6-48A8-9C60-6A4F0F17B4D0}.Debug|Any CPU.ActiveCfg = Debug|Any CPU
		{98D8831F-A0E6-48A8-9C60-6A4F0F17B4D0}.Debug|Any CPU.Build.0 = Debug|Any CPU
		{98D8831F-A0E6-48A8-9C60-6A4F0F17B4D0}.Release|Any CPU.ActiveCfg = Release|Any CPU
		{98D8831F-A0E6-48A8-9C60-6A4F0F17B4D0}.Release|Any CPU.Build.0 = Release|Any CPU
	EndGlobalSection
	GlobalSection(SolutionProperties) = preSolution
		HideSolutionNode = FALSE
	EndGlobalSection
	GlobalSection(ExtensibilityGlobals) = postSolution
		SolutionGuid = {3673FF13-5B39-4639-9BC6-17309838A0C4}
	EndGlobalSection
EndGlobal
